
Microsoft Visual Studio Solution File, Format Version 12.00
# Visual Studio Version 17
VisualStudioVersion = 17.7.34009.444
MinimumVisualStudioVersion = 10.0.40219.1
Project("{FAE04EC0-301F-11D3-BF4B-00C04F79EFBC}") = "SampleApp", "SampleApp.csproj", "{45AE191B-C421-4353-9249-1B3D7CF02236}"
EndProject
Global
	GlobalSection(SolutionConfigurationPlatforms) = preSolution
		Debug|Any CPU = Debug|Any CPU
		Release|Any CPU = Release|Any CPU
	EndGlobalSection
	GlobalSection(ProjectConfigurationPlatforms) = postSolution
		{45AE191B-C421-4353-9249-1B3D7CF02236}.Debug|Any CPU.ActiveCfg = Debug|Any CPU
		{45AE191B-C421-4353-9249-1B3D7CF02236}.Debug|Any CPU.Build.0 = Debug|Any CPU
		{45AE191B-C421-4353-9249-1B3D7CF02236}.Release|Any CPU.ActiveCfg = Release|Any CPU
		{45AE191B-C421-4353-9249-1B3D7CF02236}.Release|Any CPU.Build.0 = Release|Any CPU
	EndGlobalSection
	GlobalSection(SolutionProperties) = preSolution
		HideSolutionNode = FALSE
	EndGlobalSection
	GlobalSection(ExtensibilityGlobals) = postSolution
		SolutionGuid = {2C751EE1-8937-40B8-AA13-65E23E6382F7}
	EndGlobalSection
EndGlobal
